
Microsoft Visual Studio Solution File, Format Version 12.00
# Visual Studio Version 17
VisualStudioVersion = 17.7.34221.43
MinimumVisualStudioVersion = 10.0.40219.1
Project("{FAE04EC0-301F-11D3-BF4B-00C04F79EFBC}") = "FlightReservationAPPEC", "FlightReservationAPPEC.csproj", "{29215511-11A6-44E5-BA55-60BCD638F9BC}"
EndProject
Global
	GlobalSection(SolutionConfigurationPlatforms) = preSolution
		Debug|Any CPU = Debug|Any CPU
		Release|Any CPU = Release|Any CPU
	EndGlobalSection
	GlobalSection(ProjectConfigurationPlatforms) = postSolution
		{29215511-11A6-44E5-BA55-60BCD638F9BC}.Debug|Any CPU.ActiveCfg = Debug|Any CPU
		{29215511-11A6-44E5-BA55-60BCD638F9BC}.Debug|Any CPU.Build.0 = Debug|Any CPU
		{29215511-11A6-44E5-BA55-60BCD638F9BC}.Release|Any CPU.ActiveCfg = Release|Any CPU
		{29215511-11A6-44E5-BA55-60BCD638F9BC}.Release|Any CPU.Build.0 = Release|Any CPU
	EndGlobalSection
	GlobalSection(SolutionProperties) = preSolution
		HideSolutionNode = FALSE
	EndGlobalSection
	GlobalSection(ExtensibilityGlobals) = postSolution
		SolutionGuid = {47FB62CD-33BD-45DF-9157-CDB7D5D22DA4}
	EndGlobalSection
EndGlobal
